
Microsoft Visual Studio Solution File, Format Version 12.00
# Visual Studio Version 17
VisualStudioVersion = 17.0.31903.59
MinimumVisualStudioVersion = 10.0.40219.1
Project("{FAE04EC0-301F-11D3-BF4B-00C04F79EFBC}") = "WISE.Domain", "WISE.Domain\WISE.Domain.csproj", "{3F6F77E0-8A78-4E17-9972-9A1786EBCF96}"
EndProject
Project("{FAE04EC0-301F-11D3-BF4B-00C04F79EFBC}") = "WISE.Core", "WISE.Core\WISE.Core.csproj", "{D2B8CBE4-F87A-4511-A2A4-E8FDA1B02ECD}"
EndProject
Project("{FAE04EC0-301F-11D3-BF4B-00C04F79EFBC}") = "WISE.Application", "WISE.Application\WISE.Application.csproj", "{69FE2A75-FC76-4297-A5DC-5005362B6543}"
EndProject
Project("{FAE04EC0-301F-11D3-BF4B-00C04F79EFBC}") = "WISE.Infrastructure", "WISE.Infrastructure\WISE.Infrastructure.csproj", "{A847A6FD-E1EF-4B70-A3EC-3B9E30BDA9AA}"
EndProject
Project("{FAE04EC0-301F-11D3-BF4B-00C04F79EFBC}") = "WISE.Plugin", "WISE.Plugin\WISE.Plugin.csproj", "{C90B1884-CF97-4189-ADFE-42D27D634A1A}"
EndProject
Project("{FAE04EC0-301F-11D3-BF4B-00C04F79EFBC}") = "WISE.Tests", "WISE.Tests\WISE.Tests.csproj", "{21897070-BABB-4832-B8EA-4D0A17623862}"
EndProject
Project("{FAE04EC0-301F-11D3-BF4B-00C04F79EFBC}") = "WISE.Api", "WISE.Api\WISE.Api.csproj", "{57049E6F-5D85-4328-9C74-914A7B81343E}"
EndProject
Global
	GlobalSection(SolutionConfigurationPlatforms) = preSolution
		Debug|Any CPU = Debug|Any CPU
		Debug|x64 = Debug|x64
		Debug|x86 = Debug|x86
		Release|Any CPU = Release|Any CPU
		Release|x64 = Release|x64
		Release|x86 = Release|x86
	EndGlobalSection
	GlobalSection(ProjectConfigurationPlatforms) = postSolution
		{3F6F77E0-8A78-4E17-9972-9A1786EBCF96}.Debug|Any CPU.ActiveCfg = Debug|Any CPU
		{3F6F77E0-8A78-4E17-9972-9A1786EBCF96}.Debug|Any CPU.Build.0 = Debug|Any CPU
		{3F6F77E0-8A78-4E17-9972-9A1786EBCF96}.Debug|x64.ActiveCfg = Debug|Any CPU
		{3F6F77E0-8A78-4E17-9972-9A1786EBCF96}.Debug|x64.Build.0 = Debug|Any CPU
		{3F6F77E0-8A78-4E17-9972-9A1786EBCF96}.Debug|x86.ActiveCfg = Debug|Any CPU
		{3F6F77E0-8A78-4E17-9972-9A1786EBCF96}.Debug|x86.Build.0 = Debug|Any CPU
		{3F6F77E0-8A78-4E17-9972-9A1786EBCF96}.Release|Any CPU.ActiveCfg = Release|Any CPU
		{3F6F77E0-8A78-4E17-9972-9A1786EBCF96}.Release|Any CPU.Build.0 = Release|Any CPU
		{3F6F77E0-8A78-4E17-9972-9A1786EBCF96}.Release|x64.ActiveCfg = Release|Any CPU
		{3F6F77E0-8A78-4E17-9972-9A1786EBCF96}.Release|x64.Build.0 = Release|Any CPU
		{3F6F77E0-8A78-4E17-9972-9A1786EBCF96}.Release|x86.ActiveCfg = Release|Any CPU
		{3F6F77E0-8A78-4E17-9972-9A1786EBCF96}.Release|x86.Build.0 = Release|Any CPU
		{D2B8CBE4-F87A-4511-A2A4-E8FDA1B02ECD}.Debug|Any CPU.ActiveCfg = Debug|Any CPU
		{D2B8CBE4-F87A-4511-A2A4-E8FDA1B02ECD}.Debug|Any CPU.Build.0 = Debug|Any CPU
		{D2B8CBE4-F87A-4511-A2A4-E8FDA1B02ECD}.Debug|x64.ActiveCfg = Debug|Any CPU
		{D2B8CBE4-F87A-4511-A2A4-E8FDA1B02ECD}.Debug|x64.Build.0 = Debug|Any CPU
		{D2B8CBE4-F87A-4511-A2A4-E8FDA1B02ECD}.Debug|x86.ActiveCfg = Debug|Any CPU
		{D2B8CBE4-F87A-4511-A2A4-E8FDA1B02ECD}.Debug|x86.Build.0 = Debug|Any CPU
		{D2B8CBE4-F87A-4511-A2A4-E8FDA1B02ECD}.Release|Any CPU.ActiveCfg = Release|Any CPU
		{D2B8CBE4-F87A-4511-A2A4-E8FDA1B02ECD}.Release|Any CPU.Build.0 = Release|Any CPU
		{D2B8CBE4-F87A-4511-A2A4-E8FDA1B02ECD}.Release|x64.ActiveCfg = Release|Any CPU
		{D2B8CBE4-F87A-4511-A2A4-E8FDA1B02ECD}.Release|x64.Build.0 = Release|Any CPU
		{D2B8CBE4-F87A-4511-A2A4-E8FDA1B02ECD}.Release|x86.ActiveCfg = Release|Any CPU
		{D2B8CBE4-F87A-4511-A2A4-E8FDA1B02ECD}.Release|x86.Build.0 = Release|Any CPU
		{69FE2A75-FC76-4297-A5DC-5005362B6543}.Debug|Any CPU.ActiveCfg = Debug|Any CPU
		{69FE2A75-FC76-4297-A5DC-5005362B6543}.Debug|Any CPU.Build.0 = Debug|Any CPU
		{69FE2A75-FC76-4297-A5DC-5005362B6543}.Debug|x64.ActiveCfg = Debug|Any CPU
		{69FE2A75-FC76-4297-A5DC-5005362B6543}.Debug|x64.Build.0 = Debug|Any CPU
		{69FE2A75-FC76-4297-A5DC-5005362B6543}.Debug|x86.ActiveCfg = Debug|Any CPU
		{69FE2A75-FC76-4297-A5DC-5005362B6543}.Debug|x86.Build.0 = Debug|Any CPU
		{69FE2A75-FC76-4297-A5DC-5005362B6543}.Release|Any CPU.ActiveCfg = Release|Any CPU
		{69FE2A75-FC76-4297-A5DC-5005362B6543}.Release|Any CPU.Build.0 = Release|Any CPU
		{69FE2A75-FC76-4297-A5DC-5005362B6543}.Release|x64.ActiveCfg = Release|Any CPU
		{69FE2A75-FC76-4297-A5DC-5005362B6543}.Release|x64.Build.0 = Release|Any CPU
		{69FE2A75-FC76-4297-A5DC-5005362B6543}.Release|x86.ActiveCfg = Release|Any CPU
		{69FE2A75-FC76-4297-A5DC-5005362B6543}.Release|x86.Build.0 = Release|Any CPU
		{A847A6FD-E1EF-4B70-A3EC-3B9E30BDA9AA}.Debug|Any CPU.ActiveCfg = Debug|Any CPU
		{A847A6FD-E1EF-4B70-A3EC-3B9E30BDA9AA}.Debug|Any CPU.Build.0 = Debug|Any CPU
		{A847A6FD-E1EF-4B70-A3EC-3B9E30BDA9AA}.Debug|x64.ActiveCfg = Debug|Any CPU
		{A847A6FD-E1EF-4B70-A3EC-3B9E30BDA9AA}.Debug|x64.Build.0 = Debug|Any CPU
		{A847A6FD-E1EF-4B70-A3EC-3B9E30BDA9AA}.Debug|x86.ActiveCfg = Debug|Any CPU
		{A847A6FD-E1EF-4B70-A3EC-3B9E30BDA9AA}.Debug|x86.Build.0 = Debug|Any CPU
		{A847A6FD-E1EF-4B70-A3EC-3B9E30BDA9AA}.Release|Any CPU.ActiveCfg = Release|Any CPU
		{A847A6FD-E1EF-4B70-A3EC-3B9E30BDA9AA}.Release|Any CPU.Build.0 = Release|Any CPU
		{A847A6FD-E1EF-4B70-A3EC-3B9E30BDA9AA}.Release|x64.ActiveCfg = Release|Any CPU
		{A847A6FD-E1EF-4B70-A3EC-3B9E30BDA9AA}.Release|x64.Build.0 = Release|Any CPU
		{A847A6FD-E1EF-4B70-A3EC-3B9E30BDA9AA}.Release|x86.ActiveCfg = Release|Any CPU
		{A847A6FD-E1EF-4B70-A3EC-3B9E30BDA9AA}.Release|x86.Build.0 = Release|Any CPU
		{C90B1884-CF97-4189-ADFE-42D27D634A1A}.Debug|Any CPU.ActiveCfg = Debug|Any CPU
		{C90B1884-CF97-4189-ADFE-42D27D634A1A}.Debug|Any CPU.Build.0 = Debug|Any CPU
		{C90B1884-CF97-4189-ADFE-42D27D634A1A}.Debug|x64.ActiveCfg = Debug|Any CPU
		{C90B1884-CF97-4189-ADFE-42D27D634A1A}.Debug|x64.Build.0 = Debug|Any CPU
		{C90B1884-CF97-4189-ADFE-42D27D634A1A}.Debug|x86.ActiveCfg = Debug|Any CPU
		{C90B1884-CF97-4189-ADFE-42D27D634A1A}.Debug|x86.Build.0 = Debug|Any CPU
		{C90B1884-CF97-4189-ADFE-42D27D634A1A}.Release|Any CPU.ActiveCfg = Release|Any CPU
		{C90B1884-CF97-4189-ADFE-42D27D634A1A}.Release|Any CPU.Build.0 = Release|Any CPU
		{C90B1884-CF97-4189-ADFE-42D27D634A1A}.Release|x64.ActiveCfg = Release|Any CPU
		{C90B1884-CF97-4189-ADFE-42D27D634A1A}.Release|x64.Build.0 = Release|Any CPU
		{C90B1884-CF97-4189-ADFE-42D27D634A1A}.Release|x86.ActiveCfg = Release|Any CPU
		{C90B1884-CF97-4189-ADFE-42D27D634A1A}.Release|x86.Build.0 = Release|Any CPU
		{21897070-BABB-4832-B8EA-4D0A17623862}.Debug|Any CPU.ActiveCfg = Debug|Any CPU
		{21897070-BABB-4832-B8EA-4D0A17623862}.Debug|Any CPU.Build.0 = Debug|Any CPU
		{21897070-BABB-4832-B8EA-4D0A17623862}.Debug|x64.ActiveCfg = Debug|Any CPU
		{21897070-BABB-4832-B8EA-4D0A17623862}.Debug|x64.Build.0 = Debug|Any CPU
		{21897070-BABB-4832-B8EA-4D0A17623862}.Debug|x86.ActiveCfg = Debug|Any CPU
		{21897070-BABB-4832-B8EA-4D0A17623862}.Debug|x86.Build.0 = Debug|Any CPU
		{21897070-BABB-4832-B8EA-4D0A17623862}.Release|Any CPU.ActiveCfg = Release|Any CPU
		{21897070-BABB-4832-B8EA-4D0A17623862}.Release|Any CPU.Build.0 = Release|Any CPU
		{21897070-BABB-4832-B8EA-4D0A17623862}.Release|x64.ActiveCfg = Release|Any CPU
		{21897070-BABB-4832-B8EA-4D0A17623862}.Release|x64.Build.0 = Release|Any CPU
		{21897070-BABB-4832-B8EA-4D0A17623862}.Release|x86.ActiveCfg = Release|Any CPU
		{21897070-BABB-4832-B8EA-4D0A17623862}.Release|x86.Build.0 = Release|Any CPU
		{57049E6F-5D85-4328-9C74-914A7B81343E}.Debug|Any CPU.ActiveCfg = Debug|Any CPU
		{57049E6F-5D85-4328-9C74-914A7B81343E}.Debug|Any CPU.Build.0 = Debug|Any CPU
		{57049E6F-5D85-4328-9C74-914A7B81343E}.Debug|x64.ActiveCfg = Debug|Any CPU
		{57049E6F-5D85-4328-9C74-914A7B81343E}.Debug|x64.Build.0 = Debug|Any CPU
		{57049E6F-5D85-4328-9C74-914A7B81343E}.Debug|x86.ActiveCfg = Debug|Any CPU
		{57049E6F-5D85-4328-9C74-914A7B81343E}.Debug|x86.Build.0 = Debug|Any CPU
		{57049E6F-5D85-4328-9C74-914A7B81343E}.Release|Any CPU.ActiveCfg = Release|Any CPU
		{57049E6F-5D85-4328-9C74-914A7B81343E}.Release|Any CPU.Build.0 = Release|Any CPU
		{57049E6F-5D85-4328-9C74-914A7B81343E}.Release|x64.ActiveCfg = Release|Any CPU
		{57049E6F-5D85-4328-9C74-914A7B81343E}.Release|x64.Build.0 = Release|Any CPU
		{57049E6F-5D85-4328-9C74-914A7B81343E}.Release|x86.ActiveCfg = Release|Any CPU
		{57049E6F-5D85-4328-9C74-914A7B81343E}.Release|x86.Build.0 = Release|Any CPU
	EndGlobalSection
	GlobalSection(SolutionProperties) = preSolution
		HideSolutionNode = FALSE
	EndGlobalSection
EndGlobal
